
Microsoft Visual Studio Solution File, Format Version 12.00
# Visual Studio 2013
VisualStudioVersion = 12.0.30324.0
MinimumVisualStudioVersion = 10.0.40219.1
Project("{FAE04EC0-301F-11D3-BF4B-00C04F79EFBC}") = "ExceptionHandling_CS", "ExceptionHandling_CS\ExceptionHandling_CS.csproj", "{D980DA55-BED5-4C40-92F5-672E7FC213DE}"
EndProject
Global
	GlobalSection(SolutionConfigurationPlatforms) = preSolution
		Debug|Any CPU = Debug|Any CPU
		Release|Any CPU = Release|Any CPU
	EndGlobalSection
	GlobalSection(ProjectConfigurationPlatforms) = postSolution
		{D980DA55-BED5-4C40-92F5-672E7FC213DE}.Debug|Any CPU.ActiveCfg = Debug|Any CPU
		{D980DA55-BED5-4C40-92F5-672E7FC213DE}.Debug|Any CPU.Build.0 = Debug|Any CPU
		{D980DA55-BED5-4C40-92F5-672E7FC213DE}.Release|Any CPU.ActiveCfg = Release|Any CPU
		{D980DA55-BED5-4C40-92F5-672E7FC213DE}.Release|Any CPU.Build.0 = Release|Any CPU
	EndGlobalSection
	GlobalSection(SolutionProperties) = preSolution
		HideSolutionNode = FALSE
	EndGlobalSection
EndGlobal
